<?xml version="1.0" encoding="utf-8"?>
<Project ToolsVersion="4.0" xmlns="http://schemas.microsoft.com/developer/msbuild/2003">
  <ItemGroup>
    <Filter Include="Source Files">
      <UniqueIdentifier>{4FC737F1-C7A5-4376-A066-2A32D752A2FF}</UniqueIdentifier>
      <Extensions>cpp;c;cc;cxx;def;odl;idl;hpj;bat;asm;asmx</Extensions>
    </Filter>
    <Filter Include="Header Files">
      <UniqueIdentifier>{93995380-89BD-4b04-88EB-625FBE52EBFB}</UniqueIdentifier>
      <Extensions>h;hh;hpp;hxx;hm;inl;inc;xsd</Extensions>
    </Filter>
    <Filter Include="Config">
      <UniqueIdentifier>{3c8cd08a-7f17-40eb-a500-99b82a97fb94}</UniqueIdentifier>
    </Filter>
    <Filter Include="Utils">
      <UniqueIdentifier>{d38e48ca-c3cd-4eca-b55f-e47bbd8a43ad}</UniqueIdentifier>
    </Filter>
    <Filter Include="Cell">
      <UniqueIdentifier>{1eeafb7d-9c29-4246-ac25-d0c3730cf86a}</UniqueIdentifier>
    </Filter>
    <Filter Include="Console">
      <UniqueIdentifier>{d7d54ea3-5573-4098-b58b-452832d89fd4}</UniqueIdentifier>
    </Filter>
    <Filter Include="Module">
      <UniqueIdentifier>{8f166c86-d1b0-41d2-b0de-74dc67562b24}</UniqueIdentifier>
    </Filter>
    <Filter Include="Module\Interfaces">
      <UniqueIdentifier>{19442535-e985-4255-9620-786f9f016d9a}</UniqueIdentifier>
    </Filter>
    <Filter Include="Utils\Versioning">
      <UniqueIdentifier>{01a777eb-23e9-4f22-9c69-4c266309dac5}</UniqueIdentifier>
    </Filter>
    <Filter Include="Utils\File">
      <UniqueIdentifier>{a0330833-570e-48d2-a70d-1ac01de868f2}</UniqueIdentifier>
    </Filter>
    <Filter Include="Utils\Math">
      <UniqueIdentifier>{1b524ff1-ccb5-4a44-b0a6-e1cc00652ac4}</UniqueIdentifier>
    </Filter>
    <Filter Include="Utils\String">
      <UniqueIdentifier>{a68c3f23-7cbc-465b-9a20-e3404b6381c2}</UniqueIdentifier>
    </Filter>
  </ItemGroup>
  <ItemGroup>
    <Text Include="ReadMe.txt" />
  </ItemGroup>
  <ItemGroup>
    <ClInclude Include="global_config.h">
      <Filter>Config</Filter>
    </ClInclude>
    <ClInclude Include="Globals.h">
      <Filter>Header Files</Filter>
    </ClInclude>
    <ClInclude Include="Cell.h">
      <Filter>Cell</Filter>
    </ClInclude>
    <ClInclude Include="CColor.h">
      <Filter>Console</Filter>
    </ClInclude>
    <ClInclude Include="Module.h">
      <Filter>Module</Filter>
    </ClInclude>
    <ClInclude Include="ModInterface.h">
      <Filter>Module\Interfaces</Filter>
    </ClInclude>
    <ClInclude Include="Version.h">
      <Filter>Utils\Versioning</Filter>
    </ClInclude>
    <ClInclude Include="..\Core\FileUtil.h">
      <Filter>Utils\File</Filter>
    </ClInclude>
    <ClInclude Include="..\Core\MathUtil.h">
      <Filter>Utils\Math</Filter>
    </ClInclude>
    <ClInclude Include="..\Core\StringUtil.h">
      <Filter>Utils\String</Filter>
    </ClInclude>
  </ItemGroup>
  <ItemGroup>
    <ClCompile Include="Global.cpp">
      <Filter>Header Files</Filter>
    </ClCompile>
    <ClCompile Include="Cell.cpp">
      <Filter>Cell</Filter>
    </ClCompile>
    <ClCompile Include="CColor.cpp">
      <Filter>Console</Filter>
    </ClCompile>
    <ClCompile Include="Module.cpp">
      <Filter>Module</Filter>
    </ClCompile>
    <ClCompile Include="Version.cpp">
      <Filter>Utils\Versioning</Filter>
    </ClCompile>
    <ClCompile Include="..\Core\FileUtil.cpp">
      <Filter>Utils\File</Filter>
    </ClCompile>
    <ClCompile Include="..\Core\MathUtil.cpp">
      <Filter>Utils\Math</Filter>
    </ClCompile>
    <ClCompile Include="..\Core\StringUtil.cpp">
      <Filter>Utils\String</Filter>
    </ClCompile>
  </ItemGroup>
</Project>